
Microsoft Visual Studio Solution File, Format Version 12.00
# Visual Studio 2013
VisualStudioVersion = 12.0.21005.1
MinimumVisualStudioVersion = 10.0.40219.1
Project("{FAE04EC0-301F-11D3-BF4B-00C04F79EFBC}") = "Quan_Ly_Phong_Mach_Tu", "Quan_Ly_Phong_Mach_Tu\Quan_Ly_Phong_Mach_Tu.csproj", "{7E428E93-0E8B-4C6C-AD5B-CECBFE52FB2D}"
EndProject
Project("{FAE04EC0-301F-11D3-BF4B-00C04F79EFBC}") = "BUS", "BUS\BUS.csproj", "{D3CB1AA4-B07B-42C2-86A7-5A8627E37F3C}"
EndProject
Project("{FAE04EC0-301F-11D3-BF4B-00C04F79EFBC}") = "DTO", "DTO\DTO.csproj", "{CDE97630-BAC9-4BEB-9B45-DB14086DA1D7}"
EndProject
Project("{FAE04EC0-301F-11D3-BF4B-00C04F79EFBC}") = "DAO", "DAO\DAO.csproj", "{4D024DD2-1F21-4B6A-9971-ABC94C2A1D47}"
EndProject
Project("{54435603-DBB4-11D2-8724-00A0C9A8B90C}") = "Setup", "Setup\Setup.vdproj", "{FA7EB737-2EDD-4AF9-8015-2C1CBC44509E}"
EndProject
Global
	GlobalSection(SolutionConfigurationPlatforms) = preSolution
		Debug|Any CPU = Debug|Any CPU
		Release|Any CPU = Release|Any CPU
	EndGlobalSection
	GlobalSection(ProjectConfigurationPlatforms) = postSolution
		{7E428E93-0E8B-4C6C-AD5B-CECBFE52FB2D}.Debug|Any CPU.ActiveCfg = Debug|Any CPU
		{7E428E93-0E8B-4C6C-AD5B-CECBFE52FB2D}.Debug|Any CPU.Build.0 = Debug|Any CPU
		{7E428E93-0E8B-4C6C-AD5B-CECBFE52FB2D}.Release|Any CPU.ActiveCfg = Release|Any CPU
		{7E428E93-0E8B-4C6C-AD5B-CECBFE52FB2D}.Release|Any CPU.Build.0 = Release|Any CPU
		{D3CB1AA4-B07B-42C2-86A7-5A8627E37F3C}.Debug|Any CPU.ActiveCfg = Debug|Any CPU
		{D3CB1AA4-B07B-42C2-86A7-5A8627E37F3C}.Debug|Any CPU.Build.0 = Debug|Any CPU
		{D3CB1AA4-B07B-42C2-86A7-5A8627E37F3C}.Release|Any CPU.ActiveCfg = Release|Any CPU
		{D3CB1AA4-B07B-42C2-86A7-5A8627E37F3C}.Release|Any CPU.Build.0 = Release|Any CPU
		{CDE97630-BAC9-4BEB-9B45-DB14086DA1D7}.Debug|Any CPU.ActiveCfg = Debug|Any CPU
		{CDE97630-BAC9-4BEB-9B45-DB14086DA1D7}.Debug|Any CPU.Build.0 = Debug|Any CPU
		{CDE97630-BAC9-4BEB-9B45-DB14086DA1D7}.Release|Any CPU.ActiveCfg = Release|Any CPU
		{CDE97630-BAC9-4BEB-9B45-DB14086DA1D7}.Release|Any CPU.Build.0 = Release|Any CPU
		{4D024DD2-1F21-4B6A-9971-ABC94C2A1D47}.Debug|Any CPU.ActiveCfg = Debug|Any CPU
		{4D024DD2-1F21-4B6A-9971-ABC94C2A1D47}.Debug|Any CPU.Build.0 = Debug|Any CPU
		{4D024DD2-1F21-4B6A-9971-ABC94C2A1D47}.Release|Any CPU.ActiveCfg = Release|Any CPU
		{4D024DD2-1F21-4B6A-9971-ABC94C2A1D47}.Release|Any CPU.Build.0 = Release|Any CPU
		{FA7EB737-2EDD-4AF9-8015-2C1CBC44509E}.Debug|Any CPU.ActiveCfg = Debug
		{FA7EB737-2EDD-4AF9-8015-2C1CBC44509E}.Release|Any CPU.ActiveCfg = Release
	EndGlobalSection
	GlobalSection(SolutionProperties) = preSolution
		HideSolutionNode = FALSE
	EndGlobalSection
EndGlobal
